
Microsoft Visual Studio Solution File, Format Version 12.00
# Visual Studio 14
VisualStudioVersion = 14.0.25123.0
MinimumVisualStudioVersion = 10.0.40219.1
Project("{FAE04EC0-301F-11D3-BF4B-00C04F79EFBC}") = "02_Insertion sort", "02_Insertion sort\02_Insertion sort.csproj", "{B0D90E5D-975E-44A0-BD05-DA9E3138816E}"
EndProject
Global
	GlobalSection(SolutionConfigurationPlatforms) = preSolution
		Debug|Any CPU = Debug|Any CPU
		Release|Any CPU = Release|Any CPU
	EndGlobalSection
	GlobalSection(ProjectConfigurationPlatforms) = postSolution
		{B0D90E5D-975E-44A0-BD05-DA9E3138816E}.Debug|Any CPU.ActiveCfg = Debug|Any CPU
		{B0D90E5D-975E-44A0-BD05-DA9E3138816E}.Debug|Any CPU.Build.0 = Debug|Any CPU
		{B0D90E5D-975E-44A0-BD05-DA9E3138816E}.Release|Any CPU.ActiveCfg = Release|Any CPU
		{B0D90E5D-975E-44A0-BD05-DA9E3138816E}.Release|Any CPU.Build.0 = Release|Any CPU
	EndGlobalSection
	GlobalSection(SolutionProperties) = preSolution
		HideSolutionNode = FALSE
	EndGlobalSection
EndGlobal
